
Microsoft Visual Studio Solution File, Format Version 12.00
# Visual Studio Version 17
VisualStudioVersion = 17.0.31919.166
MinimumVisualStudioVersion = 15.0.26124.0
Project("{2150E333-8FDC-42A3-9474-1A3956D46DE8}") = "1. Host Layer", "1. Host Layer", "{D32531FA-A1A6-48CD-9F15-D88E23600EBB}"
EndProject
Project("{9A19103F-16F7-4668-BE54-9A1E7A4F7556}") = "Banco.WebApi", "src\Banco.WebApi\Banco.WebApi.csproj", "{FD95AE10-BD35-4815-8280-325377F786B5}"
EndProject
Project("{2150E333-8FDC-42A3-9474-1A3956D46DE8}") = "2. Application Layer", "2. Application Layer", "{E7114658-44FC-429E-9C17-C3EC2D564232}"
EndProject
Project("{9A19103F-16F7-4668-BE54-9A1E7A4F7556}") = "Banco.Application", "src\Banco.Application\Banco.Application.csproj", "{B2F117B0-5C3E-4962-9E15-707855AB3244}"
EndProject
Project("{2150E333-8FDC-42A3-9474-1A3956D46DE8}") = "src", "src", "{F5261B2A-E914-4759-9F6B-FB1263F40505}"
EndProject
Project("{2150E333-8FDC-42A3-9474-1A3956D46DE8}") = "3. Domain Layer", "3. Domain Layer", "{A9ABE179-E0ED-42A9-B85A-0E8B5FE9A9E6}"
EndProject
Project("{2150E333-8FDC-42A3-9474-1A3956D46DE8}") = "4. Infrastructure Layer", "4. Infrastructure Layer", "{0797D3DA-3867-4A70-A465-03E14E9F82A5}"
EndProject
Project("{9A19103F-16F7-4668-BE54-9A1E7A4F7556}") = "Banco.Domain", "src\Banco.Domain\Banco.Domain.csproj", "{55F54D64-326D-489A-85BC-B6DED97B6B10}"
EndProject
Project("{9A19103F-16F7-4668-BE54-9A1E7A4F7556}") = "Banco.Data", "src\Banco.Data\Banco.Data.csproj", "{BA660CD4-0F48-4D49-8A5E-A08AE5BC9749}"
EndProject
Project("{2150E333-8FDC-42A3-9474-1A3956D46DE8}") = "0. Common", "0. Common", "{B98E6291-0EAC-4320-AD9B-129C7EEBBBD1}"
EndProject
Project("{9A19103F-16F7-4668-BE54-9A1E7A4F7556}") = "Banco.Commons", "src\Banco.Commons\Banco.Commons.csproj", "{C0BF7AA6-406C-4BC6-B055-6B4EA2687EEE}"
EndProject
Global
	GlobalSection(SolutionConfigurationPlatforms) = preSolution
		Debug|Any CPU = Debug|Any CPU
		Debug|x64 = Debug|x64
		Debug|x86 = Debug|x86
		Release|Any CPU = Release|Any CPU
		Release|x64 = Release|x64
		Release|x86 = Release|x86
	EndGlobalSection
	GlobalSection(ProjectConfigurationPlatforms) = postSolution
		{FD95AE10-BD35-4815-8280-325377F786B5}.Debug|Any CPU.ActiveCfg = Debug|Any CPU
		{FD95AE10-BD35-4815-8280-325377F786B5}.Debug|Any CPU.Build.0 = Debug|Any CPU
		{FD95AE10-BD35-4815-8280-325377F786B5}.Debug|x64.ActiveCfg = Debug|Any CPU
		{FD95AE10-BD35-4815-8280-325377F786B5}.Debug|x64.Build.0 = Debug|Any CPU
		{FD95AE10-BD35-4815-8280-325377F786B5}.Debug|x86.ActiveCfg = Debug|Any CPU
		{FD95AE10-BD35-4815-8280-325377F786B5}.Debug|x86.Build.0 = Debug|Any CPU
		{FD95AE10-BD35-4815-8280-325377F786B5}.Release|Any CPU.ActiveCfg = Release|Any CPU
		{FD95AE10-BD35-4815-8280-325377F786B5}.Release|Any CPU.Build.0 = Release|Any CPU
		{FD95AE10-BD35-4815-8280-325377F786B5}.Release|x64.ActiveCfg = Release|Any CPU
		{FD95AE10-BD35-4815-8280-325377F786B5}.Release|x64.Build.0 = Release|Any CPU
		{FD95AE10-BD35-4815-8280-325377F786B5}.Release|x86.ActiveCfg = Release|Any CPU
		{FD95AE10-BD35-4815-8280-325377F786B5}.Release|x86.Build.0 = Release|Any CPU
		{B2F117B0-5C3E-4962-9E15-707855AB3244}.Debug|Any CPU.ActiveCfg = Debug|Any CPU
		{B2F117B0-5C3E-4962-9E15-707855AB3244}.Debug|Any CPU.Build.0 = Debug|Any CPU
		{B2F117B0-5C3E-4962-9E15-707855AB3244}.Debug|x64.ActiveCfg = Debug|Any CPU
		{B2F117B0-5C3E-4962-9E15-707855AB3244}.Debug|x64.Build.0 = Debug|Any CPU
		{B2F117B0-5C3E-4962-9E15-707855AB3244}.Debug|x86.ActiveCfg = Debug|Any CPU
		{B2F117B0-5C3E-4962-9E15-707855AB3244}.Debug|x86.Build.0 = Debug|Any CPU
		{B2F117B0-5C3E-4962-9E15-707855AB3244}.Release|Any CPU.ActiveCfg = Release|Any CPU
		{B2F117B0-5C3E-4962-9E15-707855AB3244}.Release|Any CPU.Build.0 = Release|Any CPU
		{B2F117B0-5C3E-4962-9E15-707855AB3244}.Release|x64.ActiveCfg = Release|Any CPU
		{B2F117B0-5C3E-4962-9E15-707855AB3244}.Release|x64.Build.0 = Release|Any CPU
		{B2F117B0-5C3E-4962-9E15-707855AB3244}.Release|x86.ActiveCfg = Release|Any CPU
		{B2F117B0-5C3E-4962-9E15-707855AB3244}.Release|x86.Build.0 = Release|Any CPU
		{55F54D64-326D-489A-85BC-B6DED97B6B10}.Debug|Any CPU.ActiveCfg = Debug|Any CPU
		{55F54D64-326D-489A-85BC-B6DED97B6B10}.Debug|Any CPU.Build.0 = Debug|Any CPU
		{55F54D64-326D-489A-85BC-B6DED97B6B10}.Debug|x64.ActiveCfg = Debug|Any CPU
		{55F54D64-326D-489A-85BC-B6DED97B6B10}.Debug|x64.Build.0 = Debug|Any CPU
		{55F54D64-326D-489A-85BC-B6DED97B6B10}.Debug|x86.ActiveCfg = Debug|Any CPU
		{55F54D64-326D-489A-85BC-B6DED97B6B10}.Debug|x86.Build.0 = Debug|Any CPU
		{55F54D64-326D-489A-85BC-B6DED97B6B10}.Release|Any CPU.ActiveCfg = Release|Any CPU
		{55F54D64-326D-489A-85BC-B6DED97B6B10}.Release|Any CPU.Build.0 = Release|Any CPU
		{55F54D64-326D-489A-85BC-B6DED97B6B10}.Release|x64.ActiveCfg = Release|Any CPU
		{55F54D64-326D-489A-85BC-B6DED97B6B10}.Release|x64.Build.0 = Release|Any CPU
		{55F54D64-326D-489A-85BC-B6DED97B6B10}.Release|x86.ActiveCfg = Release|Any CPU
		{55F54D64-326D-489A-85BC-B6DED97B6B10}.Release|x86.Build.0 = Release|Any CPU
		{BA660CD4-0F48-4D49-8A5E-A08AE5BC9749}.Debug|Any CPU.ActiveCfg = Debug|Any CPU
		{BA660CD4-0F48-4D49-8A5E-A08AE5BC9749}.Debug|Any CPU.Build.0 = Debug|Any CPU
		{BA660CD4-0F48-4D49-8A5E-A08AE5BC9749}.Debug|x64.ActiveCfg = Debug|Any CPU
		{BA660CD4-0F48-4D49-8A5E-A08AE5BC9749}.Debug|x64.Build.0 = Debug|Any CPU
		{BA660CD4-0F48-4D49-8A5E-A08AE5BC9749}.Debug|x86.ActiveCfg = Debug|Any CPU
		{BA660CD4-0F48-4D49-8A5E-A08AE5BC9749}.Debug|x86.Build.0 = Debug|Any CPU
		{BA660CD4-0F48-4D49-8A5E-A08AE5BC9749}.Release|Any CPU.ActiveCfg = Release|Any CPU
		{BA660CD4-0F48-4D49-8A5E-A08AE5BC9749}.Release|Any CPU.Build.0 = Release|Any CPU
		{BA660CD4-0F48-4D49-8A5E-A08AE5BC9749}.Release|x64.ActiveCfg = Release|Any CPU
		{BA660CD4-0F48-4D49-8A5E-A08AE5BC9749}.Release|x64.Build.0 = Release|Any CPU
		{BA660CD4-0F48-4D49-8A5E-A08AE5BC9749}.Release|x86.ActiveCfg = Release|Any CPU
		{BA660CD4-0F48-4D49-8A5E-A08AE5BC9749}.Release|x86.Build.0 = Release|Any CPU
		{C0BF7AA6-406C-4BC6-B055-6B4EA2687EEE}.Debug|Any CPU.ActiveCfg = Debug|Any CPU
		{C0BF7AA6-406C-4BC6-B055-6B4EA2687EEE}.Debug|Any CPU.Build.0 = Debug|Any CPU
		{C0BF7AA6-406C-4BC6-B055-6B4EA2687EEE}.Debug|x64.ActiveCfg = Debug|Any CPU
		{C0BF7AA6-406C-4BC6-B055-6B4EA2687EEE}.Debug|x64.Build.0 = Debug|Any CPU
		{C0BF7AA6-406C-4BC6-B055-6B4EA2687EEE}.Debug|x86.ActiveCfg = Debug|Any CPU
		{C0BF7AA6-406C-4BC6-B055-6B4EA2687EEE}.Debug|x86.Build.0 = Debug|Any CPU
		{C0BF7AA6-406C-4BC6-B055-6B4EA2687EEE}.Release|Any CPU.ActiveCfg = Release|Any CPU
		{C0BF7AA6-406C-4BC6-B055-6B4EA2687EEE}.Release|Any CPU.Build.0 = Release|Any CPU
		{C0BF7AA6-406C-4BC6-B055-6B4EA2687EEE}.Release|x64.ActiveCfg = Release|Any CPU
		{C0BF7AA6-406C-4BC6-B055-6B4EA2687EEE}.Release|x64.Build.0 = Release|Any CPU
		{C0BF7AA6-406C-4BC6-B055-6B4EA2687EEE}.Release|x86.ActiveCfg = Release|Any CPU
		{C0BF7AA6-406C-4BC6-B055-6B4EA2687EEE}.Release|x86.Build.0 = Release|Any CPU
	EndGlobalSection
	GlobalSection(SolutionProperties) = preSolution
		HideSolutionNode = FALSE
	EndGlobalSection
	GlobalSection(NestedProjects) = preSolution
		{D32531FA-A1A6-48CD-9F15-D88E23600EBB} = {F5261B2A-E914-4759-9F6B-FB1263F40505}
		{FD95AE10-BD35-4815-8280-325377F786B5} = {D32531FA-A1A6-48CD-9F15-D88E23600EBB}
		{E7114658-44FC-429E-9C17-C3EC2D564232} = {F5261B2A-E914-4759-9F6B-FB1263F40505}
		{B2F117B0-5C3E-4962-9E15-707855AB3244} = {E7114658-44FC-429E-9C17-C3EC2D564232}
		{A9ABE179-E0ED-42A9-B85A-0E8B5FE9A9E6} = {F5261B2A-E914-4759-9F6B-FB1263F40505}
		{0797D3DA-3867-4A70-A465-03E14E9F82A5} = {F5261B2A-E914-4759-9F6B-FB1263F40505}
		{55F54D64-326D-489A-85BC-B6DED97B6B10} = {A9ABE179-E0ED-42A9-B85A-0E8B5FE9A9E6}
		{BA660CD4-0F48-4D49-8A5E-A08AE5BC9749} = {0797D3DA-3867-4A70-A465-03E14E9F82A5}
		{B98E6291-0EAC-4320-AD9B-129C7EEBBBD1} = {F5261B2A-E914-4759-9F6B-FB1263F40505}
		{C0BF7AA6-406C-4BC6-B055-6B4EA2687EEE} = {B98E6291-0EAC-4320-AD9B-129C7EEBBBD1}
	EndGlobalSection
	GlobalSection(ExtensibilityGlobals) = postSolution
		SolutionGuid = {06678A9E-F444-4DEC-B409-FF8FE5F4698A}
	EndGlobalSection
EndGlobal
